
Microsoft Visual Studio Solution File, Format Version 12.00
# Visual Studio Version 17
VisualStudioVersion = 17.0.31903.59
MinimumVisualStudioVersion = 10.0.40219.1
Project("{2150E333-8FDC-42A3-9474-1A3956D46DE8}") = "uom", "uom", "{B5DF911D-B8DE-42E0-856C-2677664C5AA9}"
EndProject
Project("{FAE04EC0-301F-11D3-BF4B-00C04F79EFBC}") = "MW.SUNQU.UOM.Application", "uom\MW.SUNQU.UOM.Application\MW.SUNQU.UOM.Application.csproj", "{CDCA175D-A3CE-4B0D-BBEE-5910B60D1D6D}"
EndProject
Project("{FAE04EC0-301F-11D3-BF4B-00C04F79EFBC}") = "MW.SUNQU.UOM.Domain", "uom\MW.SUNQU.UOM.Domain\MW.SUNQU.UOM.Domain.csproj", "{D4118E49-48EE-4CD4-9E7F-EA8CC6BD96D9}"
EndProject
Project("{2150E333-8FDC-42A3-9474-1A3956D46DE8}") = "MW.SUNQU.UOM.Infrastructure", "MW.SUNQU.UOM.Infrastructure", "{65B3BA4C-A5F3-41BE-ACA7-6F3386683788}"
EndProject
Project("{FAE04EC0-301F-11D3-BF4B-00C04F79EFBC}") = "MW.SUNQU.UOM.Infrastructure.Persistence.SQLite", "uom\MW.SUNQU.UOM.Infrastructure\MW.SUNQU.UOM.Infrastructure.Persistence.SQLite\MW.SUNQU.UOM.Infrastructure.Persistence.SQLite.csproj", "{1A9749DC-74DE-49A6-888D-9736BB68D6A4}"
EndProject
Project("{2150E333-8FDC-42A3-9474-1A3956D46DE8}") = "MW.SUNQU.UOM.Services", "MW.SUNQU.UOM.Services", "{872FE90A-B8B7-4A46-8F4C-DDC8FB992FAE}"
EndProject
Project("{FAE04EC0-301F-11D3-BF4B-00C04F79EFBC}") = "MW.SUNQU.UOM.Services.Api", "uom\MW.SUNQU.UOM.Services\MW.SUNQU.UOM.Services.Api\MW.SUNQU.UOM.Services.Api.csproj", "{325F140E-9EE3-4FFC-A9AB-FAAAD446BE36}"
EndProject
Global
	GlobalSection(SolutionConfigurationPlatforms) = preSolution
		Debug|Any CPU = Debug|Any CPU
		Release|Any CPU = Release|Any CPU
	EndGlobalSection
	GlobalSection(SolutionProperties) = preSolution
		HideSolutionNode = FALSE
	EndGlobalSection
	GlobalSection(ProjectConfigurationPlatforms) = postSolution
		{CDCA175D-A3CE-4B0D-BBEE-5910B60D1D6D}.Debug|Any CPU.ActiveCfg = Debug|Any CPU
		{CDCA175D-A3CE-4B0D-BBEE-5910B60D1D6D}.Debug|Any CPU.Build.0 = Debug|Any CPU
		{CDCA175D-A3CE-4B0D-BBEE-5910B60D1D6D}.Release|Any CPU.ActiveCfg = Release|Any CPU
		{CDCA175D-A3CE-4B0D-BBEE-5910B60D1D6D}.Release|Any CPU.Build.0 = Release|Any CPU
		{D4118E49-48EE-4CD4-9E7F-EA8CC6BD96D9}.Debug|Any CPU.ActiveCfg = Debug|Any CPU
		{D4118E49-48EE-4CD4-9E7F-EA8CC6BD96D9}.Debug|Any CPU.Build.0 = Debug|Any CPU
		{D4118E49-48EE-4CD4-9E7F-EA8CC6BD96D9}.Release|Any CPU.ActiveCfg = Release|Any CPU
		{D4118E49-48EE-4CD4-9E7F-EA8CC6BD96D9}.Release|Any CPU.Build.0 = Release|Any CPU
		{1A9749DC-74DE-49A6-888D-9736BB68D6A4}.Debug|Any CPU.ActiveCfg = Debug|Any CPU
		{1A9749DC-74DE-49A6-888D-9736BB68D6A4}.Debug|Any CPU.Build.0 = Debug|Any CPU
		{1A9749DC-74DE-49A6-888D-9736BB68D6A4}.Release|Any CPU.ActiveCfg = Release|Any CPU
		{1A9749DC-74DE-49A6-888D-9736BB68D6A4}.Release|Any CPU.Build.0 = Release|Any CPU
		{325F140E-9EE3-4FFC-A9AB-FAAAD446BE36}.Debug|Any CPU.ActiveCfg = Debug|Any CPU
		{325F140E-9EE3-4FFC-A9AB-FAAAD446BE36}.Debug|Any CPU.Build.0 = Debug|Any CPU
		{325F140E-9EE3-4FFC-A9AB-FAAAD446BE36}.Release|Any CPU.ActiveCfg = Release|Any CPU
		{325F140E-9EE3-4FFC-A9AB-FAAAD446BE36}.Release|Any CPU.Build.0 = Release|Any CPU
	EndGlobalSection
	GlobalSection(NestedProjects) = preSolution
		{CDCA175D-A3CE-4B0D-BBEE-5910B60D1D6D} = {B5DF911D-B8DE-42E0-856C-2677664C5AA9}
		{D4118E49-48EE-4CD4-9E7F-EA8CC6BD96D9} = {B5DF911D-B8DE-42E0-856C-2677664C5AA9}
		{65B3BA4C-A5F3-41BE-ACA7-6F3386683788} = {B5DF911D-B8DE-42E0-856C-2677664C5AA9}
		{1A9749DC-74DE-49A6-888D-9736BB68D6A4} = {65B3BA4C-A5F3-41BE-ACA7-6F3386683788}
		{872FE90A-B8B7-4A46-8F4C-DDC8FB992FAE} = {B5DF911D-B8DE-42E0-856C-2677664C5AA9}
		{325F140E-9EE3-4FFC-A9AB-FAAAD446BE36} = {872FE90A-B8B7-4A46-8F4C-DDC8FB992FAE}
	EndGlobalSection
EndGlobal
